// !$*UTF8*$!
{
	archiveVersion = 1;
	classes = {
	};
	objectVersion = 46;
	objects = {

/* Begin PBXBuildFile section */
		4728E8021F54FC3C0051708E /* AppDelegate.swift in Sources */ = {isa = PBXBuildFile; fileRef = 4728E8011F54FC3C0051708E /* AppDelegate.swift */; };
		4728E8041F54FC3C0051708E /* ViewController.swift in Sources */ = {isa = PBXBuildFile; fileRef = 4728E8031F54FC3C0051708E /* ViewController.swift */; };
		4728E8061F54FC3C0051708E /* Assets.xcassets in Resources */ = {isa = PBXBuildFile; fileRef = 4728E8051F54FC3C0051708E /* Assets.xcassets */; };
		4728E8091F54FC3C0051708E /* Main.storyboard in Resources */ = {isa = PBXBuildFile; fileRef = 4728E8071F54FC3C0051708E /* Main.storyboard */; };
		4728E8141F54FC3C0051708E /* ImageScaleTests.swift in Sources */ = {isa = PBXBuildFile; fileRef = 4728E8131F54FC3C0051708E /* ImageScaleTests.swift */; };
		4728E81F1F54FC3C0051708E /* ImageScaleUITests.swift in Sources */ = {isa = PBXBuildFile; fileRef = 4728E81E1F54FC3C0051708E /* ImageScaleUITests.swift */; };
/* End PBXBuildFile section */

/* Begin PBXContainerItemProxy section */
		4728E8101F54FC3C0051708E /* PBXContainerItemProxy */ = {
			isa = PBXContainerItemProxy;
			containerPortal = 4728E7F61F54FC3B0051708E /* Project object */;
			proxyType = 1;
			remoteGlobalIDString = 4728E7FD1F54FC3B0051708E;
			remoteInfo = ImageScale;
		};
		4728E81B1F54FC3C0051708E /* PBXContainerItemProxy */ = {
			isa = PBXContainerItemProxy;
			containerPortal = 4728E7F61F54FC3B0051708E /* Project object */;
			proxyType = 1;
			remoteGlobalIDString = 4728E7FD1F54FC3B0051708E;
			remoteInfo = ImageScale;
		};
/* End PBXContainerItemProxy section */

/* Begin PBXFileReference section */
		4728E7FE1F54FC3C0051708E /* ImageScale.app */ = {isa = PBXFileReference; explicitFileType = wrapper.application; includeInIndex = 0; path = ImageScale.app; sourceTree = BUILT_PRODUCTS_DIR; };
		4728E8011F54FC3C0051708E /* AppDelegate.swift */ = {isa = PBXFileReference; lastKnownFileType = sourcecode.swift; path = AppDelegate.swift; sourceTree = "<group>"; };
		4728E8031F54FC3C0051708E /* ViewController.swift */ = {isa = PBXFileReference; lastKnownFileType = sourcecode.swift; path = ViewController.swift; sourceTree = "<group>"; };
		4728E8051F54FC3C0051708E /* Assets.xcassets */ = {isa = PBXFileReference; lastKnownFileType = folder.assetcatalog; path = Assets.xcassets; sourceTree = "<group>"; };
		4728E8081F54FC3C0051708E /* Base */ = {isa = PBXFileReference; lastKnownFileType = file.storyboard; name = Base; path = Base.lproj/Main.storyboard; sourceTree = "<group>"; };
		4728E80A1F54FC3C0051708E /* Info.plist */ = {isa = PBXFileReference; lastKnownFileType = text.plist.xml; path = Info.plist; sourceTree = "<group>"; };
		4728E80F1F54FC3C0051708E /* ImageScaleTests.xctest */ = {isa = PBXFileReference; explicitFileType = wrapper.cfbundle; includeInIndex = 0; path = ImageScaleTests.xctest; sourceTree = BUILT_PRODUCTS_DIR; };
		4728E8131F54FC3C0051708E /* ImageScaleTests.swift */ = {isa = PBXFileReference; lastKnownFileType = sourcecode.swift; path = ImageScaleTests.swift; sourceTree = "<group>"; };
		4728E8151F54FC3C0051708E /* Info.plist */ = {isa = PBXFileReference; lastKnownFileType = text.plist.xml; path = Info.plist; sourceTree = "<group>"; };
		4728E81A1F54FC3C0051708E /* ImageScaleUITests.xctest */ = {isa = PBXFileReference; explicitFileType = wrapper.cfbundle; includeInIndex = 0; path = ImageScaleUITests.xctest; sourceTree = BUILT_PRODUCTS_DIR; };
		4728E81E1F54FC3C0051708E /* ImageScaleUITests.swift */ = {isa = PBXFileReference; lastKnownFileType = sourcecode.swift; path = ImageScaleUITests.swift; sourceTree = "<group>"; };
		4728E8201F54FC3C0051708E /* Info.plist */ = {isa = PBXFileReference; lastKnownFileType = text.plist.xml; path = Info.plist; sourceTree = "<group>"; };
/* End PBXFileReference section */

/* Begin PBXFrameworksBuildPhase section */
		4728E7FB1F54FC3B0051708E /* Frameworks */ = {
			isa = PBXFrameworksBuildPhase;
			buildActionMask = 2147483647;
			files = (
			);
			runOnlyForDeploymentPostprocessing = 0;
		};
		4728E80C1F54FC3C0051708E /* Frameworks */ = {
			isa = PBXFrameworksBuildPhase;
			buildActionMask = 2147483647;
			files = (
			);
			runOnlyForDeploymentPostprocessing = 0;
		};
		4728E8171F54FC3C0051708E /* Frameworks */ = {
			isa = PBXFrameworksBuildPhase;
			buildActionMask = 2147483647;
			files = (
			);
			runOnlyForDeploymentPostprocessing = 0;
		};
/* End PBXFrameworksBuildPhase section */

/* Begin PBXGroup section */
		4728E7F51F54FC3B0051708E = {
			isa = PBXGroup;
			children = (
				4728E8001F54FC3C0051708E /* ImageScale */,
				4728E8121F54FC3C0051708E /* ImageScaleTests */,
				4728E81D1F54FC3C0051708E /* ImageScaleUITests */,
				4728E7FF1F54FC3C0051708E /* Products */,
			);
			sourceTree = "<group>";
		};
		4728E7FF1F54FC3C0051708E /* Products */ = {
			isa = PBXGroup;
			children = (
				4728E7FE1F54FC3C0051708E /* ImageScale.app */,
				4728E80F1F54FC3C0051708E /* ImageScaleTests.xctest */,
				4728E81A1F54FC3C0051708E /* ImageScaleUITests.xctest */,
			);
			name = Products;
			sourceTree = "<group>";
		};
		4728E8001F54FC3C0051708E /* ImageScale */ = {
			isa = PBXGroup;
			children = (
				4728E8011F54FC3C0051708E /* AppDelegate.swift */,
				4728E8031F54FC3C0051708E /* ViewController.swift */,
				4728E8051F54FC3C0051708E /* Assets.xcassets */,
				4728E8071F54FC3C0051708E /* Main.storyboard */,
				4728E80A1F54FC3C0051708E /* Info.plist */,
			);
			path = ImageScale;
			sourceTree = "<group>";
		};
		4728E8121F54FC3C0051708E /* ImageScaleTests */ = {
			isa = PBXGroup;
			children = (
				4728E8131F54FC3C0051708E /* ImageScaleTests.swift */,
				4728E8151F54FC3C0051708E /* Info.plist */,
			);
			path = ImageScaleTests;
			sourceTree = "<group>";
		};
		4728E81D1F54FC3C0051708E /* ImageScaleUITests */ = {
			isa = PBXGroup;
			children = (
				4728E81E1F54FC3C0051708E /* ImageScaleUITests.swift */,
				4728E8201F54FC3C0051708E /* Info.plist */,
			);
			path = ImageScaleUITests;
			sourceTree = "<group>";
		};
/* End PBXGroup section */

/* Begin PBXNativeTarget section */
		4728E7FD1F54FC3B0051708E /* ImageScale */ = {
			isa = PBXNativeTarget;
			buildConfigurationList = 4728E8231F54FC3C0051708E /* Build configuration list for PBXNativeTarget "ImageScale" */;
			buildPhases = (
				4728E7FA1F54FC3B0051708E /* Sources */,
				4728E7FB1F54FC3B0051708E /* Frameworks */,
				4728E7FC1F54FC3B0051708E /* Resources */,
			);
			buildRules = (
			);
			dependencies = (
			);
			name = ImageScale;
			productName = ImageScale;
			productReference = 4728E7FE1F54FC3C0051708E /* ImageScale.app */;
			productType = "com.apple.product-type.application";
		};
		4728E80E1F54FC3C0051708E /* ImageScaleTests */ = {
			isa = PBXNativeTarget;
			buildConfigurationList = 4728E8261F54FC3C0051708E /* Build configuration list for PBXNativeTarget "ImageScaleTests" */;
			buildPhases = (
				4728E80B1F54FC3C0051708E /* Sources */,
				4728E80C1F54FC3C0051708E /* Frameworks */,
				4728E80D1F54FC3C0051708E /* Resources */,
			);
			buildRules = (
			);
			dependencies = (
				4728E8111F54FC3C0051708E /* PBXTargetDependency */,
			);
			name = ImageScaleTests;
			productName = ImageScaleTests;
			productReference = 4728E80F1F54FC3C0051708E /* ImageScaleTests.xctest */;
			productType = "com.apple.product-type.bundle.unit-test";
		};
		4728E8191F54FC3C0051708E /* ImageScaleUITests */ = {
			isa = PBXNativeTarget;
			buildConfigurationList = 4728E8291F54FC3C0051708E /* Build configuration list for PBXNativeTarget "ImageScaleUITests" */;
			buildPhases = (
				4728E8161F54FC3C0051708E /* Sources */,
				4728E8171F54FC3C0051708E /* Frameworks */,
				4728E8181F54FC3C0051708E /* Resources */,
			);
			buildRules = (
			);
			dependencies = (
				4728E81C1F54FC3C0051708E /* PBXTargetDependency */,
			);
			name = ImageScaleUITests;
			productName = ImageScaleUITests;
			productReference = 4728E81A1F54FC3C0051708E /* ImageScaleUITests.xctest */;
			productType = "com.apple.product-type.bundle.ui-testing";
		};
/* End PBXNativeTarget section */

/* Begin PBXProject section */
		4728E7F61F54FC3B0051708E /* Project object */ = {
			isa = PBXProject;
			attributes = {
				LastSwiftUpdateCheck = 0830;
				LastUpgradeCheck = 0830;
				ORGANIZATIONNAME = karsa;
				TargetAttributes = {
					4728E7FD1F54FC3B0051708E = {
						CreatedOnToolsVersion = 8.3.3;
						ProvisioningStyle = Automatic;
					};
					4728E80E1F54FC3C0051708E = {
						CreatedOnToolsVersion = 8.3.3;
						ProvisioningStyle = Automatic;
						TestTargetID = 4728E7FD1F54FC3B0051708E;
					};
					4728E8191F54FC3C0051708E = {
						CreatedOnToolsVersion = 8.3.3;
						ProvisioningStyle = Automatic;
						TestTargetID = 4728E7FD1F54FC3B0051708E;
					};
				};
			};
			buildConfigurationList = 4728E7F91F54FC3B0051708E /* Build configuration list for PBXProject "ImageScale" */;
			compatibilityVersion = "Xcode 3.2";
			developmentRegion = English;
			hasScannedForEncodings = 0;
			knownRegions = (
				en,
				Base,
			);
			mainGroup = 4728E7F51F54FC3B0051708E;
			productRefGroup = 4728E7FF1F54FC3C0051708E /* Products */;
			projectDirPath = "";
			projectRoot = "";
			targets = (
				4728E7FD1F54FC3B0051708E /* ImageScale */,
				4728E80E1F54FC3C0051708E /* ImageScaleTests */,
				4728E8191F54FC3C0051708E /* ImageScaleUITests */,
			);
		};
/* End PBXProject section */

/* Begin PBXResourcesBuildPhase section */
		4728E7FC1F54FC3B0051708E /* Resources */ = {
			isa = PBXResourcesBuildPhase;
			buildActionMask = 2147483647;
			files = (
				4728E8061F54FC3C0051708E /* Assets.xcassets in Resources */,
				4728E8091F54FC3C0051708E /* Main.storyboard in Resources */,
			);
			runOnlyForDeploymentPostprocessing = 0;
		};
		4728E80D1F54FC3C0051708E /* Resources */ = {
			isa = PBXResourcesBuildPhase;
			buildActionMask = 2147483647;
			files = (
			);
			runOnlyForDeploymentPostprocessing = 0;
		};
		4728E8181F54FC3C0051708E /* Resources */ = {
			isa = PBXResourcesBuildPhase;
			buildActionMask = 2147483647;
			files = (
			);
			runOnlyForDeploymentPostprocessing = 0;
		};
/* End PBXResourcesBuildPhase section */

/* Begin PBXSourcesBuildPhase section */
		4728E7FA1F54FC3B0051708E /* Sources */ = {
			isa = PBXSourcesBuildPhase;
			buildActionMask = 2147483647;
			files = (
				4728E8041F54FC3C0051708E /* ViewController.swift in Sources */,
				4728E8021F54FC3C0051708E /* AppDelegate.swift in Sources */,
			);
			runOnlyForDeploymentPostprocessing = 0;
		};
		4728E80B1F54FC3C0051708E /* Sources */ = {
			isa = PBXSourcesBuildPhase;
			buildActionMask = 2147483647;
			files = (
				4728E8141F54FC3C0051708E /* ImageScaleTests.swift in Sources */,
			);
			runOnlyForDeploymentPostprocessing = 0;
		};
		4728E8161F54FC3C0051708E /* Sources */ = {
			isa = PBXSourcesBuildPhase;
			buildActionMask = 2147483647;
			files = (
				4728E81F1F54FC3C0051708E /* ImageScaleUITests.swift in Sources */,
			);
			runOnlyForDeploymentPostprocessing = 0;
		};
/* End PBXSourcesBuildPhase section */

/* Begin PBXTargetDependency section */
		4728E8111F54FC3C0051708E /* PBXTargetDependency */ = {
			isa = PBXTargetDependency;
			target = 4728E7FD1F54FC3B0051708E /* ImageScale */;
			targetProxy = 4728E8101F54FC3C0051708E /* PBXContainerItemProxy */;
		};
		4728E81C1F54FC3C0051708E /* PBXTargetDependency */ = {
			isa = PBXTargetDependency;
			target = 4728E7FD1F54FC3B0051708E /* ImageScale */;
			targetProxy = 4728E81B1F54FC3C0051708E /* PBXContainerItemProxy */;
		};
/* End PBXTargetDependency section */

/* Begin PBXVariantGroup section */
		4728E8071F54FC3C0051708E /* Main.storyboard */ = {
			isa = PBXVariantGroup;
			children = (
				4728E8081F54FC3C0051708E /* Base */,
			);
			name = Main.storyboard;
			sourceTree = "<group>";
		};
/* End PBXVariantGroup section */

/* Begin XCBuildConfiguration section */
		4728E8211F54FC3C0051708E /* Debug */ = {
			isa = XCBuildConfiguration;
			buildSettings = {
				ALWAYS_SEARCH_USER_PATHS = NO;
				CLANG_ANALYZER_NONNULL = YES;
				CLANG_ANALYZER_NUMBER_OBJECT_CONVERSION = YES_AGGRESSIVE;
				CLANG_CXX_LANGUAGE_STANDARD = "gnu++0x";
				CLANG_CXX_LIBRARY = "libc++";
				CLANG_ENABLE_MODULES = YES;
				CLANG_ENABLE_OBJC_ARC = YES;
				CLANG_WARN_BOOL_CONVERSION = YES;
				CLANG_WARN_CONSTANT_CONVERSION = YES;
				CLANG_WARN_DIRECT_OBJC_ISA_USAGE = YES_ERROR;
				CLANG_WARN_DOCUMENTATION_COMMENTS = YES;
				CLANG_WARN_EMPTY_BODY = YES;
				CLANG_WARN_ENUM_CONVERSION = YES;
				CLANG_WARN_INFINITE_RECURSION = YES;
				CLANG_WARN_INT_CONVERSION = YES;
				CLANG_WARN_OBJC_ROOT_CLASS = YES_ERROR;
				CLANG_WARN_SUSPICIOUS_MOVE = YES;
				CLANG_WARN_UNREACHABLE_CODE = YES;
				CLANG_WARN__DUPLICATE_METHOD_MATCH = YES;
				CODE_SIGN_IDENTITY = "-";
				COPY_PHASE_STRIP = NO;
				DEBUG_INFORMATION_FORMAT = dwarf;
				ENABLE_STRICT_OBJC_MSGSEND = YES;
				ENABLE_TESTABILITY = YES;
				GCC_C_LANGUAGE_STANDARD = gnu99;
				GCC_DYNAMIC_NO_PIC = NO;
				GCC_NO_COMMON_BLOCKS = YES;
				GCC_OPTIMIZATION_LEVEL = 0;
				GCC_PREPROCESSOR_DEFINITIONS = (
					"DEBUG=1",
					"$(inherited)",
				);
				GCC_WARN_64_TO_32_BIT_CONVERSION = YES;
				GCC_WARN_ABOUT_RETURN_TYPE = YES_ERROR;
				GCC_WARN_UNDECLARED_SELECTOR = YES;
				GCC_WARN_UNINITIALIZED_AUTOS = YES_AGGRESSIVE;
				GCC_WARN_UNUSED_FUNCTION = YES;
				GCC_WARN_UNUSED_VARIABLE = YES;
				MACOSX_DEPLOYMENT_TARGET = 10.12;
				MTL_ENABLE_DEBUG_INFO = YES;
				ONLY_ACTIVE_ARCH = YES;
				SDKROOT = macosx;
				SWIFT_ACTIVE_COMPILATION_CONDITIONS = DEBUG;
				SWIFT_OPTIMIZATION_LEVEL = "-Onone";
			};
			name = Debug;
		};
		4728E8221F54FC3C0051708E /* Release */ = {
			isa = XCBuildConfiguration;
			buildSettings = {
				ALWAYS_SEARCH_USER_PATHS = NO;
				CLANG_ANALYZER_NONNULL = YES;
				CLANG_ANALYZER_NUMBER_OBJECT_CONVERSION = YES_AGGRESSIVE;
				CLANG_CXX_LANGUAGE_STANDARD = "gnu++0x";
				CLANG_CXX_LIBRARY = "libc++";
				CLANG_ENABLE_MODULES = YES;
				CLANG_ENABLE_OBJC_ARC = YES;
				CLANG_WARN_BOOL_CONVERSION = YES;
				CLANG_WARN_CONSTANT_CONVERSION = YES;
				CLANG_WARN_DIRECT_OBJC_ISA_USAGE = YES_ERROR;
				CLANG_WARN_DOCUMENTATION_COMMENTS = YES;
				CLANG_WARN_EMPTY_BODY = YES;
				CLANG_WARN_ENUM_CONVERSION = YES;
				CLANG_WARN_INFINITE_RECURSION = YES;
				CLANG_WARN_INT_CONVERSION = YES;
				CLANG_WARN_OBJC_ROOT_CLASS = YES_ERROR;
				CLANG_WARN_SUSPICIOUS_MOVE = YES;
				CLANG_WARN_UNREACHABLE_CODE = YES;
				CLANG_WARN__DUPLICATE_METHOD_MATCH = YES;
				CODE_SIGN_IDENTITY = "-";
				COPY_PHASE_STRIP = NO;
				DEBUG_INFORMATION_FORMAT = "dwarf-with-dsym";
				ENABLE_NS_ASSERTIONS = NO;
				ENABLE_STRICT_OBJC_MSGSEND = YES;
				GCC_C_LANGUAGE_STANDARD = gnu99;
				GCC_NO_COMMON_BLOCKS = YES;
				GCC_WARN_64_TO_32_BIT_CONVERSION = YES;
				GCC_WARN_ABOUT_RETURN_TYPE = YES_ERROR;
				GCC_WARN_UNDECLARED_SELECTOR = YES;
				GCC_WARN_UNINITIALIZED_AUTOS = YES_AGGRESSIVE;
				GCC_WARN_UNUSED_FUNCTION = YES;
				GCC_WARN_UNUSED_VARIABLE = YES;
				MACOSX_DEPLOYMENT_TARGET = 10.12;
				MTL_ENABLE_DEBUG_INFO = NO;
				SDKROOT = macosx;
				SWIFT_OPTIMIZATION_LEVEL = "-Owholemodule";
			};
			name = Release;
		};
		4728E8241F54FC3C0051708E /* Debug */ = {
			isa = XCBuildConfiguration;
			buildSettings = {
				ASSETCATALOG_COMPILER_APPICON_NAME = AppIcon;
				COMBINE_HIDPI_IMAGES = YES;
				INFOPLIST_FILE = ImageScale/Info.plist;
				LD_RUNPATH_SEARCH_PATHS = "$(inherited) @executable_path/../Frameworks";
				PRODUCT_BUNDLE_IDENTIFIER = f.k.ImageScale;
				PRODUCT_NAME = "$(TARGET_NAME)";
				SWIFT_VERSION = 3.0;
			};
			name = Debug;
		};
		4728E8251F54FC3C0051708E /* Release */ = {
			isa = XCBuildConfiguration;
			buildSettings = {
				ASSETCATALOG_COMPILER_APPICON_NAME = AppIcon;
				COMBINE_HIDPI_IMAGES = YES;
				INFOPLIST_FILE = ImageScale/Info.plist;
				LD_RUNPATH_SEARCH_PATHS = "$(inherited) @executable_path/../Frameworks";
				PRODUCT_BUNDLE_IDENTIFIER = f.k.ImageScale;
				PRODUCT_NAME = "$(TARGET_NAME)";
				SWIFT_VERSION = 3.0;
			};
			name = Release;
		};
		4728E8271F54FC3C0051708E /* Debug */ = {
			isa = XCBuildConfiguration;
			buildSettings = {
				ALWAYS_EMBED_SWIFT_STANDARD_LIBRARIES = YES;
				BUNDLE_LOADER = "$(TEST_HOST)";
				COMBINE_HIDPI_IMAGES = YES;
				INFOPLIST_FILE = ImageScaleTests/Info.plist;
				LD_RUNPATH_SEARCH_PATHS = "$(inherited) @executable_path/../Frameworks @loader_path/../Frameworks";
				PRODUCT_BUNDLE_IDENTIFIER = f.k.ImageScaleTests;
				PRODUCT_NAME = "$(TARGET_NAME)";
				SWIFT_VERSION = 3.0;
				TEST_HOST = "$(BUILT_PRODUCTS_DIR)/ImageScale.app/Contents/MacOS/ImageScale";
			};
			name = Debug;
		};
		4728E8281F54FC3C0051708E /* Release */ = {
			isa = XCBuildConfiguration;
			buildSettings = {
				ALWAYS_EMBED_SWIFT_STANDARD_LIBRARIES = YES;
				BUNDLE_LOADER = "$(TEST_HOST)";
				COMBINE_HIDPI_IMAGES = YES;
				INFOPLIST_FILE = ImageScaleTests/Info.plist;
				LD_RUNPATH_SEARCH_PATHS = "$(inherited) @executable_path/../Frameworks @loader_path/../Frameworks";
				PRODUCT_BUNDLE_IDENTIFIER = f.k.ImageScaleTests;
				PRODUCT_NAME = "$(TARGET_NAME)";
				SWIFT_VERSION = 3.0;
				TEST_HOST = "$(BUILT_PRODUCTS_DIR)/ImageScale.app/Contents/MacOS/ImageScale";
			};
			name = Release;
		};
		4728E82A1F54FC3C0051708E /* Debug */ = {
			isa = XCBuildConfiguration;
			buildSettings = {
				ALWAYS_EMBED_SWIFT_STANDARD_LIBRARIES = YES;
				COMBINE_HIDPI_IMAGES = YES;
				INFOPLIST_FILE = ImageScaleUITests/Info.plist;
				LD_RUNPATH_SEARCH_PATHS = "$(inherited) @executable_path/../Frameworks @loader_path/../Frameworks";
				PRODUCT_BUNDLE_IDENTIFIER = f.k.ImageScaleUITests;
				PRODUCT_NAME = "$(TARGET_NAME)";
				SWIFT_VERSION = 3.0;
				TEST_TARGET_NAME = ImageScale;
			};
			name = Debug;
		};
		4728E82B1F54FC3C0051708E /* Release */ = {
			isa = XCBuildConfiguration;
			buildSettings = {
				ALWAYS_EMBED_SWIFT_STANDARD_LIBRARIES = YES;
				COMBINE_HIDPI_IMAGES = YES;
				INFOPLIST_FILE = ImageScaleUITests/Info.plist;
				LD_RUNPATH_SEARCH_PATHS = "$(inherited) @executable_path/../Frameworks @loader_path/../Frameworks";
				PRODUCT_BUNDLE_IDENTIFIER = f.k.ImageScaleUITests;
				PRODUCT_NAME = "$(TARGET_NAME)";
				SWIFT_VERSION = 3.0;
				TEST_TARGET_NAME = ImageScale;
			};
			name = Release;
		};
/* End XCBuildConfiguration section */

/* Begin XCConfigurationList section */
		4728E7F91F54FC3B0051708E /* Build configuration list for PBXProject "ImageScale" */ = {
			isa = XCConfigurationList;
			buildConfigurations = (
				4728E8211F54FC3C0051708E /* Debug */,
				4728E8221F54FC3C0051708E /* Release */,
			);
			defaultConfigurationIsVisible = 0;
			defaultConfigurationName = Release;
		};
		4728E8231F54FC3C0051708E /* Build configuration list for PBXNativeTarget "ImageScale" */ = {
			isa = XCConfigurationList;
			buildConfigurations = (
				4728E8241F54FC3C0051708E /* Debug */,
				4728E8251F54FC3C0051708E /* Release */,
			);
			defaultConfigurationIsVisible = 0;
		};
		4728E8261F54FC3C0051708E /* Build configuration list for PBXNativeTarget "ImageScaleTests" */ = {
			isa = XCConfigurationList;
			buildConfigurations = (
				4728E8271F54FC3C0051708E /* Debug */,
				4728E8281F54FC3C0051708E /* Release */,
			);
			defaultConfigurationIsVisible = 0;
		};
		4728E8291F54FC3C0051708E /* Build configuration list for PBXNativeTarget "ImageScaleUITests" */ = {
			isa = XCConfigurationList;
			buildConfigurations = (
				4728E82A1F54FC3C0051708E /* Debug */,
				4728E82B1F54FC3C0051708E /* Release */,
			);
			defaultConfigurationIsVisible = 0;
		};
/* End XCConfigurationList section */
	};
	rootObject = 4728E7F61F54FC3B0051708E /* Project object */;
}
